
Microsoft Visual Studio Solution File, Format Version 12.00
# Visual Studio Version 17
VisualStudioVersion = 17.10.35122.118
MinimumVisualStudioVersion = 10.0.40219.1
Project("{FAE04EC0-301F-11D3-BF4B-00C04F79EFBC}") = "Mission", "Mission\Mission.csproj", "{1D752E97-71FD-467F-A411-227ADAB7B29B}"
EndProject
Project("{FAE04EC0-301F-11D3-BF4B-00C04F79EFBC}") = "Mission.Entities", "Mission.Entities\Mission.Entities.csproj", "{3E4BB6B5-95A8-400C-AE6A-745E2AE93471}"
EndProject
Project("{FAE04EC0-301F-11D3-BF4B-00C04F79EFBC}") = "Mission.Repositories", "Mission.Repositories\Mission.Repositories.csproj", "{EB69E46A-A7FF-4366-B476-0A10333B1193}"
EndProject
Project("{FAE04EC0-301F-11D3-BF4B-00C04F79EFBC}") = "Mission.Services", "Mission.Services\Mission.Services.csproj", "{02856F4D-402C-4547-96A4-1412D5C66B37}"
EndProject
Global
	GlobalSection(SolutionConfigurationPlatforms) = preSolution
		Debug|Any CPU = Debug|Any CPU
		Release|Any CPU = Release|Any CPU
	EndGlobalSection
	GlobalSection(ProjectConfigurationPlatforms) = postSolution
		{1D752E97-71FD-467F-A411-227ADAB7B29B}.Debug|Any CPU.ActiveCfg = Debug|Any CPU
		{1D752E97-71FD-467F-A411-227ADAB7B29B}.Debug|Any CPU.Build.0 = Debug|Any CPU
		{1D752E97-71FD-467F-A411-227ADAB7B29B}.Release|Any CPU.ActiveCfg = Release|Any CPU
		{1D752E97-71FD-467F-A411-227ADAB7B29B}.Release|Any CPU.Build.0 = Release|Any CPU
		{3E4BB6B5-95A8-400C-AE6A-745E2AE93471}.Debug|Any CPU.ActiveCfg = Debug|Any CPU
		{3E4BB6B5-95A8-400C-AE6A-745E2AE93471}.Debug|Any CPU.Build.0 = Debug|Any CPU
		{3E4BB6B5-95A8-400C-AE6A-745E2AE93471}.Release|Any CPU.ActiveCfg = Release|Any CPU
		{3E4BB6B5-95A8-400C-AE6A-745E2AE93471}.Release|Any CPU.Build.0 = Release|Any CPU
		{EB69E46A-A7FF-4366-B476-0A10333B1193}.Debug|Any CPU.ActiveCfg = Debug|Any CPU
		{EB69E46A-A7FF-4366-B476-0A10333B1193}.Debug|Any CPU.Build.0 = Debug|Any CPU
		{EB69E46A-A7FF-4366-B476-0A10333B1193}.Release|Any CPU.ActiveCfg = Release|Any CPU
		{EB69E46A-A7FF-4366-B476-0A10333B1193}.Release|Any CPU.Build.0 = Release|Any CPU
		{02856F4D-402C-4547-96A4-1412D5C66B37}.Debug|Any CPU.ActiveCfg = Debug|Any CPU
		{02856F4D-402C-4547-96A4-1412D5C66B37}.Debug|Any CPU.Build.0 = Debug|Any CPU
		{02856F4D-402C-4547-96A4-1412D5C66B37}.Release|Any CPU.ActiveCfg = Release|Any CPU
		{02856F4D-402C-4547-96A4-1412D5C66B37}.Release|Any CPU.Build.0 = Release|Any CPU
	EndGlobalSection
	GlobalSection(SolutionProperties) = preSolution
		HideSolutionNode = FALSE
	EndGlobalSection
	GlobalSection(ExtensibilityGlobals) = postSolution
		SolutionGuid = {843B9A25-91C0-4FBA-9F76-2CA4CE58E348}
	EndGlobalSection
EndGlobal
